
Microsoft Visual Studio Solution File, Format Version 12.00
# Visual Studio Version 16
VisualStudioVersion = 16.0.33529.622
MinimumVisualStudioVersion = 10.0.40219.1
Project("{FAE04EC0-301F-11D3-BF4B-00C04F79EFBC}") = "Factory", "Factory\Factory.csproj", "{8AA039AD-7DBA-4606-AA51-E77BDB7327ED}"
EndProject
Global
	GlobalSection(SolutionConfigurationPlatforms) = preSolution
		Debug|Any CPU = Debug|Any CPU
		Release|Any CPU = Release|Any CPU
	EndGlobalSection
	GlobalSection(ProjectConfigurationPlatforms) = postSolution
		{8AA039AD-7DBA-4606-AA51-E77BDB7327ED}.Debug|Any CPU.ActiveCfg = Debug|Any CPU
		{8AA039AD-7DBA-4606-AA51-E77BDB7327ED}.Debug|Any CPU.Build.0 = Debug|Any CPU
		{8AA039AD-7DBA-4606-AA51-E77BDB7327ED}.Release|Any CPU.ActiveCfg = Release|Any CPU
		{8AA039AD-7DBA-4606-AA51-E77BDB7327ED}.Release|Any CPU.Build.0 = Release|Any CPU
	EndGlobalSection
	GlobalSection(SolutionProperties) = preSolution
		HideSolutionNode = FALSE
	EndGlobalSection
	GlobalSection(ExtensibilityGlobals) = postSolution
		SolutionGuid = {25D43EE6-1A06-49CC-8EEF-311887AD3419}
	EndGlobalSection
EndGlobal
